version = 1
revision = 2
requires-python = ">=3.8"
resolution-markers = [
    "python_full_version >= '3.9'",
    "python_full_version < '3.9'",
]

[[package]]
name = "attrs"
version = "25.3.0"
source = { registry = "https://pypi.org/simple" }
sdist = { url = "https://files.pythonhosted.org/packages/5a/b0/1367933a8532ee6ff8d63537de4f1177af4bff9f3e829baf7331f595bb24/attrs-25.3.0.tar.gz", hash = "sha256:75d7cefc7fb576747b2c81b4442d4d4a1ce0900973527c011d1030fd3bf4af1b", size = 812032, upload-time = "2025-03-13T11:10:22.779Z" }
wheels = [
    { url = "https://files.pythonhosted.org/packages/77/06/bb80f5f86020c4551da315d78b3ab75e8228f89f0162f2c3a819e407941a/attrs-25.3.0-py3-none-any.whl", hash = "sha256:427318ce031701fea540783410126f03899a97ffc6f61596ad581ac2e40e3bc3", size = 63815, upload-time = "2025-03-13T11:10:21.14Z" },
]

[[package]]
name = "aws-cdk-asset-awscli-v1"
version = "2.2.227"
source = { registry = "https://pypi.org/simple" }
resolution-markers = [
    "python_full_version < '3.9'",
]
dependencies = [
    { name = "jsii", version = "1.108.0", source = { registry = "https://pypi.org/simple" }, marker = "python_full_version < '3.9'" },
    { name = "publication", marker = "python_full_version < '3.9'" },
    { name = "typeguard", marker = "python_full_version < '3.9'" },
]
sdist = { url = "https://files.pythonhosted.org/packages/89/df/78801b4df77d7320b337b53a307a1611276c6f2af4a1d042646f4852103f/aws_cdk_asset_awscli_v1-2.2.227.tar.gz", hash = "sha256:0fa4cf382e712121b8bbe11532854018abdba19964ded9c0aa9aace4383816b6", size = 17896340, upload-time = "2025-03-10T16:15:03.783Z" }
wheels = [
    { url = "https://files.pythonhosted.org/packages/3f/5c/77d85e5f554f726e8ce97af52757608e444cafc6119d010bf4306c2314c4/aws_cdk.asset_awscli_v1-2.2.227-py3-none-any.whl", hash = "sha256:5160cd515d94d0da252806cd853a3e861e1b76aa553e1c90aec2bd712fa3df1b", size = 17894705, upload-time = "2025-03-10T16:15:01.194Z" },
]

[[package]]
name = "aws-cdk-asset-awscli-v1"
version = "2.2.242"
source = { registry = "https://pypi.org/simple" }
resolution-markers = [
    "python_full_version >= '3.9'",
]
dependencies = [
    { name = "jsii", version = "1.112.0", source = { registry = "https://pypi.org/simple" }, marker = "python_full_version >= '3.9'" },
    { name = "publication", marker = "python_full_version >= '3.9'" },
    { name = "typeguard", marker = "python_full_version >= '3.9'" },
]
sdist = { url = "https://files.pythonhosted.org/packages/84/66/095e92652c175a9c18c98bc358db2c5957897245053fb5d0988c908be355/aws_cdk_asset_awscli_v1-2.2.242.tar.gz", hash = "sha256:a957d679a118f4375307ed90b9aed7127c5c1402989438060eae4ab29ab0d13f", size = 19284036, upload-time = "2025-06-23T17:42:03.275Z" }
wheels = [
    { url = "https://files.pythonhosted.org/packages/7a/ca/0415b7387c776c0a82a153fe75573e78cbbf1a71d4475636393f5ecfc649/aws_cdk_asset_awscli_v1-2.2.242-py3-none-any.whl", hash = "sha256:d1001bf56a12f7d1162d4211003d1e8f72a213159465e2d0e1c598cc0ea44aad", size = 19282441, upload-time = "2025-06-23T17:42:00.381Z" },
]

[[package]]
name = "aws-cdk-asset-node-proxy-agent-v6"
version = "2.1.0"
source = { registry = "https://pypi.org/simple" }
dependencies = [
    { name = "jsii", version = "1.108.0", source = { registry = "https://pypi.org/simple" }, marker = "python_full_version < '3.9'" },
    { name = "jsii", version = "1.112.0", source = { registry = "https://pypi.org/simple" }, marker = "python_full_version >= '3.9'" },
    { name = "publication" },
    { name = "typeguard" },
]
sdist = { url = "https://files.pythonhosted.org/packages/d5/ab/09ac3ecc0067988d02398328e088d66cbe8555c991563c8ddfa1db5296ae/aws_cdk_asset_node_proxy_agent_v6-2.1.0.tar.gz", hash = "sha256:1f292c0631f86708ba4ee328b3a2b229f7e46ea1c79fbde567ee9eb119c2b0e2", size = 1540231, upload-time = "2024-09-03T09:36:51.634Z" }
wheels = [
    { url = "https://files.pythonhosted.org/packages/8d/86/1817a6da223aa80aeb94a504f07f930170284694b18f6053729e9930cc6a/aws_cdk.asset_node_proxy_agent_v6-2.1.0-py3-none-any.whl", hash = "sha256:24a388b69a44d03bae6dbf864c4e25ba650d4b61c008b4568b94ffbb9a69e40e", size = 1538724, upload-time = "2024-09-03T09:36:49.8Z" },
]

[[package]]
name = "aws-cdk-cloud-assembly-schema"
version = "40.7.0"
source = { registry = "https://pypi.org/simple" }
resolution-markers = [
    "python_full_version < '3.9'",
]
dependencies = [
    { name = "jsii", version = "1.108.0", source = { registry = "https://pypi.org/simple" }, marker = "python_full_version < '3.9'" },
    { name = "publication", marker = "python_full_version < '3.9'" },
    { name = "typeguard", marker = "python_full_version < '3.9'" },
]
sdist = { url = "https://files.pythonhosted.org/packages/43/47/a30207feaf5f24e782530b031dcfc9ed3e3fef5c63d0911a1eded4eb130d/aws_cdk_cloud_assembly_schema-40.7.0.tar.gz", hash = "sha256:8269a74cce261e56750290a2492f04d0e6825913d321a8ab17ba3b5f872fc193", size = 190607, upload-time = "2025-03-03T10:16:37.989Z" }
wheels = [
    { url = "https://files.pythonhosted.org/packages/77/79/aeb2271dce3a079dacf28627942d5e505dae992ee711fc1be5e3bc7b887d/aws_cdk.cloud_assembly_schema-40.7.0-py3-none-any.whl", hash = "sha256:a86de4f46a72f9445f0a0ae646c348702041047c72d10b76e3b4c8dc5e460ee1", size = 189588, upload-time = "2025-03-03T10:16:35.512Z" },
]

[[package]]
name = "aws-cdk-cloud-assembly-schema"
version = "45.2.0"
source = { registry = "https://pypi.org/simple" }
resolution-markers = [
    "python_full_version >= '3.9'",
]
dependencies = [
    { name = "jsii", version = "1.112.0", source = { registry = "https://pypi.org/simple" }, marker = "python_full_version >= '3.9'" },
    { name = "publication", marker = "python_full_version >= '3.9'" },
    { name = "typeguard", marker = "python_full_version >= '3.9'" },
]
sdist = { url = "https://files.pythonhosted.org/packages/b6/6f/6f9266a94ce98dfc863ec2549bb7ba0986b285ca391d5ab8367bf550ae1e/aws_cdk_cloud_assembly_schema-45.2.0.tar.gz", hash = "sha256:7affdd151be58028d31fcbbbd084c07ea2e9d433979d0653ed43e15a307015cd", size = 204719, upload-time = "2025-07-07T12:26:53.378Z" }
wheels = [
    { url = "https://files.pythonhosted.org/packages/98/d1/fca07133ab19b37d4bb2b4cfe10ee7334a0d9185fd892f1eba7626a33215/aws_cdk_cloud_assembly_schema-45.2.0-py3-none-any.whl", hash = "sha256:aeb88c5e3c36eecae341ddca568907b5d70b9b67de51572ef51564dd486dbb48", size = 204336, upload-time = "2025-07-07T12:26:51.274Z" },
]

[[package]]
name = "aws-cdk-lib"
version = "2.183.0"
source = { registry = "https://pypi.org/simple" }
resolution-markers = [
    "python_full_version < '3.9'",
]
dependencies = [
    { name = "aws-cdk-asset-awscli-v1", version = "2.2.227", source = { registry = "https://pypi.org/simple" }, marker = "python_full_version < '3.9'" },
    { name = "aws-cdk-asset-node-proxy-agent-v6", marker = "python_full_version < '3.9'" },
    { name = "aws-cdk-cloud-assembly-schema", version = "40.7.0", source = { registry = "https://pypi.org/simple" }, marker = "python_full_version < '3.9'" },
    { name = "constructs", marker = "python_full_version < '3.9'" },
    { name = "jsii", version = "1.108.0", source = { registry = "https://pypi.org/simple" }, marker = "python_full_version < '3.9'" },
    { name = "publication", marker = "python_full_version < '3.9'" },
    { name = "typeguard", marker = "python_full_version < '3.9'" },
]
sdist = { url = "https://files.pythonhosted.org/packages/4c/80/acefc729ede6da8bf6b03fb2aeeea6a48e81393229090e3240189b2f086c/aws_cdk_lib-2.183.0.tar.gz", hash = "sha256:cb73b320a8f388abf5492ab78c405d80777eaa9290e583e2a8f84bc80e868ffe", size = 39709992, upload-time = "2025-03-12T04:34:49.307Z" }
wheels = [
    { url = "https://files.pythonhosted.org/packages/ff/71/15bb4b5c944732dee7b58985f92e1f70dd6c6e612d97e009f6ddea873e88/aws_cdk_lib-2.183.0-py3-none-any.whl", hash = "sha256:4b9f37bb0f472238f1805fce439394da5044e391c68a6160e109e14f941b34bd", size = 39986201, upload-time = "2025-03-12T04:34:17.101Z" },
]

[[package]]
name = "aws-cdk-lib"
version = "2.204.0"
source = { registry = "https://pypi.org/simple" }
resolution-markers = [
    "python_full_version >= '3.9'",
]
dependencies = [
    { name = "aws-cdk-asset-awscli-v1", version = "2.2.242", source = { registry = "https://pypi.org/simple" }, marker = "python_full_version >= '3.9'" },
    { name = "aws-cdk-asset-node-proxy-agent-v6", marker = "python_full_version >= '3.9'" },
    { name = "aws-cdk-cloud-assembly-schema", version = "45.2.0", source = { registry = "https://pypi.org/simple" }, marker = "python_full_version >= '3.9'" },
    { name = "constructs", marker = "python_full_version >= '3.9'" },
    { name = "jsii", version = "1.112.0", source = { registry = "https://pypi.org/simple" }, marker = "python_full_version >= '3.9'" },
    { name = "publication", marker = "python_full_version >= '3.9'" },
    { name = "typeguard", marker = "python_full_version >= '3.9'" },
]
sdist = { url = "https://files.pythonhosted.org/packages/b2/0d/711a0bb2474d46a661c22c54d570404353d49c8fec86aa6d83191f2e93c4/aws_cdk_lib-2.204.0.tar.gz", hash = "sha256:be1527d8a22c061c5d8ac9a0b72e6c676e3310dd249f1244ab647b331094f135", size = 41402622, upload-time = "2025-07-04T13:48:21.479Z" }
wheels = [
    { url = "https://files.pythonhosted.org/packages/88/37/eb98d3478d12ef2c10f73b426ff19982c4cbba1103450cdc314285a11e34/aws_cdk_lib-2.204.0-py3-none-any.whl", hash = "sha256:dc9385c57cac4982aef336ff678a06da0bbf760e53d3814feeefd8205a92c2ae", size = 41687030, upload-time = "2025-07-04T13:47:51.287Z" },
]

[[package]]
name = "cattrs"
version = "24.1.3"
source = { registry = "https://pypi.org/simple" }
dependencies = [
    { name = "attrs" },
    { name = "exceptiongroup", marker = "python_full_version < '3.11'" },
    { name = "typing-extensions", version = "4.13.2", source = { registry = "https://pypi.org/simple" }, marker = "python_full_version < '3.9'" },
    { name = "typing-extensions", version = "4.14.1", source = { registry = "https://pypi.org/simple" }, marker = "python_full_version >= '3.9' and python_full_version < '3.11'" },
]
sdist = { url = "https://files.pythonhosted.org/packages/29/7b/da4aa2f95afb2f28010453d03d6eedf018f9e085bd001f039e15731aba89/cattrs-24.1.3.tar.gz", hash = "sha256:981a6ef05875b5bb0c7fb68885546186d306f10f0f6718fe9b96c226e68821ff", size = 426684, upload-time = "2025-03-25T15:01:00.325Z" }
wheels = [
    { url = "https://files.pythonhosted.org/packages/3c/ee/d68a3de23867a9156bab7e0a22fb9a0305067ee639032a22982cf7f725e7/cattrs-24.1.3-py3-none-any.whl", hash = "sha256:adf957dddd26840f27ffbd060a6c4dd3b2192c5b7c2c0525ef1bd8131d8a83f5", size = 66462, upload-time = "2025-03-25T15:00:58.663Z" },
]

[[package]]
name = "colorama"
version = "0.4.6"
source = { registry = "https://pypi.org/simple" }
sdist = { url = "https://files.pythonhosted.org/packages/d8/53/6f443c9a4a8358a93a6792e2acffb9d9d5cb0a5cfd8802644b7b1c9a02e4/colorama-0.4.6.tar.gz", hash = "sha256:08695f5cb7ed6e0531a20572697297273c47b8cae5a63ffc6d6ed5c201be6e44", size = 27697, upload-time = "2022-10-25T02:36:22.414Z" }
wheels = [
    { url = "https://files.pythonhosted.org/packages/d1/d6/3965ed04c63042e047cb6a3e6ed1a63a35087b6a609aa3a15ed8ac56c221/colorama-0.4.6-py2.py3-none-any.whl", hash = "sha256:4f1d9991f5acc0ca119f9d443620b77f9d6b33703e51011c16baf57afb285fc6", size = 25335, upload-time = "2022-10-25T02:36:20.889Z" },
]

[[package]]
name = "constructs"
version = "10.4.2"
source = { registry = "https://pypi.org/simple" }
dependencies = [
    { name = "jsii", version = "1.108.0", source = { registry = "https://pypi.org/simple" }, marker = "python_full_version < '3.9'" },
    { name = "jsii", version = "1.112.0", source = { registry = "https://pypi.org/simple" }, marker = "python_full_version >= '3.9'" },
    { name = "publication" },
    { name = "typeguard" },
]
sdist = { url = "https://files.pythonhosted.org/packages/46/84/f608a0a71a05a476b2f1761ab8f3f776677d39f7996ecf1092a1ce741a7c/constructs-10.4.2.tar.gz", hash = "sha256:ce54724360fffe10bab27d8a081844eb81f5ace7d7c62c84b719c49f164d5307", size = 65434, upload-time = "2024-10-14T12:58:02.822Z" }
wheels = [
    { url = "https://files.pythonhosted.org/packages/f2/d9/c5e7458f323bf063a9a54200742f2494e2ce3c7c6873e0ff80f88033c75f/constructs-10.4.2-py3-none-any.whl", hash = "sha256:1f0f59b004edebfde0f826340698b8c34611f57848139b7954904c61645f13c1", size = 63509, upload-time = "2024-10-14T12:57:59.828Z" },
]

[[package]]
name = "exceptiongroup"
version = "1.3.0"
source = { registry = "https://pypi.org/simple" }
dependencies = [
    { name = "typing-extensions", version = "4.13.2", source = { registry = "https://pypi.org/simple" }, marker = "python_full_version < '3.9'" },
    { name = "typing-extensions", version = "4.14.1", source = { registry = "https://pypi.org/simple" }, marker = "python_full_version >= '3.9' and python_full_version < '3.13'" },
]
sdist = { url = "https://files.pythonhosted.org/packages/0b/9f/a65090624ecf468cdca03533906e7c69ed7588582240cfe7cc9e770b50eb/exceptiongroup-1.3.0.tar.gz", hash = "sha256:b241f5885f560bc56a59ee63ca4c6a8bfa46ae4ad651af316d4e81817bb9fd88", size = 29749, upload-time = "2025-05-10T17:42:51.123Z" }
wheels = [
    { url = "https://files.pythonhosted.org/packages/36/f4/c6e662dade71f56cd2f3735141b265c3c79293c109549c1e6933b0651ffc/exceptiongroup-1.3.0-py3-none-any.whl", hash = "sha256:4d111e6e0c13d0644cad6ddaa7ed0261a0b36971f6d23e7ec9b4b9097da78a10", size = 16674, upload-time = "2025-05-10T17:42:49.33Z" },
]

[[package]]
name = "importlib-resources"
version = "6.4.5"
source = { registry = "https://pypi.org/simple" }
resolution-markers = [
    "python_full_version < '3.9'",
]
dependencies = [
    { name = "zipp", version = "3.20.2", source = { registry = "https://pypi.org/simple" }, marker = "python_full_version < '3.9'" },
]
sdist = { url = "https://files.pythonhosted.org/packages/98/be/f3e8c6081b684f176b761e6a2fef02a0be939740ed6f54109a2951d806f3/importlib_resources-6.4.5.tar.gz", hash = "sha256:980862a1d16c9e147a59603677fa2aa5fd82b87f223b6cb870695bcfce830065", size = 43372, upload-time = "2024-09-09T17:03:14.677Z" }
wheels = [
    { url = "https://files.pythonhosted.org/packages/e1/6a/4604f9ae2fa62ef47b9de2fa5ad599589d28c9fd1d335f32759813dfa91e/importlib_resources-6.4.5-py3-none-any.whl", hash = "sha256:ac29d5f956f01d5e4bb63102a5a19957f1b9175e45649977264a1416783bb717", size = 36115, upload-time = "2024-09-09T17:03:13.39Z" },
]

[[package]]
name = "importlib-resources"
version = "6.5.2"
source = { registry = "https://pypi.org/simple" }
resolution-markers = [
    "python_full_version >= '3.9'",
]
dependencies = [
    { name = "zipp", version = "3.23.0", source = { registry = "https://pypi.org/simple" }, marker = "python_full_version == '3.9.*'" },
]
sdist = { url = "https://files.pythonhosted.org/packages/cf/8c/f834fbf984f691b4f7ff60f50b514cc3de5cc08abfc3295564dd89c5e2e7/importlib_resources-6.5.2.tar.gz", hash = "sha256:185f87adef5bcc288449d98fb4fba07cea78bc036455dd44c5fc4a2fe78fed2c", size = 44693, upload-time = "2025-01-03T18:51:56.698Z" }
wheels = [
    { url = "https://files.pythonhosted.org/packages/a4/ed/1f1afb2e9e7f38a545d628f864d562a5ae64fe6f7a10e28ffb9b185b4e89/importlib_resources-6.5.2-py3-none-any.whl", hash = "sha256:789cfdc3ed28c78b67a06acb8126751ced69a3d5f79c095a98298cd8a760ccec", size = 37461, upload-time = "2025-01-03T18:51:54.306Z" },
]

[[package]]
name = "infra"
version = "0.1.0"
source = { virtual = "." }
dependencies = [
    { name = "aws-cdk-lib", version = "2.183.0", source = { registry = "https://pypi.org/simple" }, marker = "python_full_version < '3.9'" },
    { name = "aws-cdk-lib", version = "2.204.0", source = { registry = "https://pypi.org/simple" }, marker = "python_full_version >= '3.9'" },
    { name = "constructs" },
]

[package.dev-dependencies]
dev = [
    { name = "pytest", version = "8.3.5", source = { registry = "https://pypi.org/simple" }, marker = "python_full_version < '3.9'" },
    { name = "pytest", version = "8.4.1", source = { registry = "https://pypi.org/simple" }, marker = "python_full_version >= '3.9'" },
    { name = "ty" },
]

[package.metadata]
requires-dist = [
    { name = "aws-cdk-lib", specifier = ">=2.183.0" },
    { name = "constructs", specifier = ">=10.4.2" },
]

[package.metadata.requires-dev]
dev = [
    { name = "pytest", specifier = ">=8.3.5" },
    { name = "ty", specifier = ">=0.0.1a14" },
]

[[package]]
name = "iniconfig"
version = "2.1.0"
source = { registry = "https://pypi.org/simple" }
sdist = { url = "https://files.pythonhosted.org/packages/f2/97/ebf4da567aa6827c909642694d71c9fcf53e5b504f2d96afea02718862f3/iniconfig-2.1.0.tar.gz", hash = "sha256:3abbd2e30b36733fee78f9c7f7308f2d0050e88f0087fd25c2645f63c773e1c7", size = 4793, upload-time = "2025-03-19T20:09:59.721Z" }
wheels = [
    { url = "https://files.pythonhosted.org/packages/2c/e1/e6716421ea10d38022b952c159d5161ca1193197fb744506875fbb87ea7b/iniconfig-2.1.0-py3-none-any.whl", hash = "sha256:9deba5723312380e77435581c6bf4935c94cbfab9b1ed33ef8d238ea168eb760", size = 6050, upload-time = "2025-03-19T20:10:01.071Z" },
]

[[package]]
name = "jsii"
version = "1.108.0"
source = { registry = "https://pypi.org/simple" }
resolution-markers = [
    "python_full_version < '3.9'",
]
dependencies = [
    { name = "attrs", marker = "python_full_version < '3.9'" },
    { name = "cattrs", marker = "python_full_version < '3.9'" },
    { name = "importlib-resources", version = "6.4.5", source = { registry = "https://pypi.org/simple" }, marker = "python_full_version < '3.9'" },
    { name = "publication", marker = "python_full_version < '3.9'" },
    { name = "python-dateutil", marker = "python_full_version < '3.9'" },
    { name = "typeguard", marker = "python_full_version < '3.9'" },
    { name = "typing-extensions", version = "4.13.2", source = { registry = "https://pypi.org/simple" }, marker = "python_full_version < '3.9'" },
]
sdist = { url = "https://files.pythonhosted.org/packages/9e/05/c975f7157ff0ee03b94274905494253f36fbca019cca6a390ce7f94e1760/jsii-1.108.0.tar.gz", hash = "sha256:f1053a414ac117c6ecae7208c5ca4cb6d10ca3420c69e30f8b9cca64cc37e61b", size = 581660, upload-time = "2025-02-24T12:23:01.383Z" }
wheels = [
    { url = "https://files.pythonhosted.org/packages/a8/a9/02a69ba6ebcaa06e92e4fe9c1c19981be468fc24b0974983bc819e45eae4/jsii-1.108.0-py3-none-any.whl", hash = "sha256:d6c99671ab44520069ad6198e3b07379ae9c075bcb53b8a16455c1beb10288ea", size = 558058, upload-time = "2025-02-24T12:22:57.368Z" },
]

[[package]]
name = "jsii"
version = "1.112.0"
source = { registry = "https://pypi.org/simple" }
resolution-markers = [
    "python_full_version >= '3.9'",
]
dependencies = [
    { name = "attrs", marker = "python_full_version >= '3.9'" },
    { name = "cattrs", marker = "python_full_version >= '3.9'" },
    { name = "importlib-resources", version = "6.5.2", source = { registry = "https://pypi.org/simple" }, marker = "python_full_version >= '3.9'" },
    { name = "publication", marker = "python_full_version >= '3.9'" },
    { name = "python-dateutil", marker = "python_full_version >= '3.9'" },
    { name = "typeguard", marker = "python_full_version >= '3.9'" },
    { name = "typing-extensions", version = "4.14.1", source = { registry = "https://pypi.org/simple" }, marker = "python_full_version >= '3.9'" },
]
sdist = { url = "https://files.pythonhosted.org/packages/ad/3e/270b5236035fc7bb2cdd7f55ea25f85489d35d971870cbec32c3d9e99d7f/jsii-1.112.0.tar.gz", hash = "sha256:6b7d19f361c2565b76828ecbe8cbed8b8d6028a82aa98a46b206a4ee5083157e", size = 624533, upload-time = "2025-05-07T14:45:52.574Z" }
wheels = [
    { url = "https://files.pythonhosted.org/packages/44/af/8554b632e2b82f37a7422782aba5db2a1fbff4887faa7ec850818def8407/jsii-1.112.0-py3-none-any.whl", hash = "sha256:6510c223074d9b206fd0570849a791e4d9ecfff7ffe68428de73870cea9f55a1", size = 600681, upload-time = "2025-05-07T14:45:51.136Z" },
]

[[package]]
name = "packaging"
version = "25.0"
source = { registry = "https://pypi.org/simple" }
sdist = { url = "https://files.pythonhosted.org/packages/a1/d4/1fc4078c65507b51b96ca8f8c3ba19e6a61c8253c72794544580a7b6c24d/packaging-25.0.tar.gz", hash = "sha256:d443872c98d677bf60f6a1f2f8c1cb748e8fe762d2bf9d3148b5599295b0fc4f", size = 165727, upload-time = "2025-04-19T11:48:59.673Z" }
wheels = [
    { url = "https://files.pythonhosted.org/packages/20/12/38679034af332785aac8774540895e234f4d07f7545804097de4b666afd8/packaging-25.0-py3-none-any.whl", hash = "sha256:29572ef2b1f17581046b3a2227d5c611fb25ec70ca1ba8554b24b0e69331a484", size = 66469, upload-time = "2025-04-19T11:48:57.875Z" },
]

[[package]]
name = "pluggy"
version = "1.5.0"
source = { registry = "https://pypi.org/simple" }
resolution-markers = [
    "python_full_version < '3.9'",
]
sdist = { url = "https://files.pythonhosted.org/packages/96/2d/02d4312c973c6050a18b314a5ad0b3210edb65a906f868e31c111dede4a6/pluggy-1.5.0.tar.gz", hash = "sha256:2cffa88e94fdc978c4c574f15f9e59b7f4201d439195c3715ca9e2486f1d0cf1", size = 67955, upload-time = "2024-04-20T21:34:42.531Z" }
wheels = [
    { url = "https://files.pythonhosted.org/packages/88/5f/e351af9a41f866ac3f1fac4ca0613908d9a41741cfcf2228f4ad853b697d/pluggy-1.5.0-py3-none-any.whl", hash = "sha256:44e1ad92c8ca002de6377e165f3e0f1be63266ab4d554740532335b9d75ea669", size = 20556, upload-time = "2024-04-20T21:34:40.434Z" },
]

[[package]]
name = "pluggy"
version = "1.6.0"
source = { registry = "https://pypi.org/simple" }
resolution-markers = [
    "python_full_version >= '3.9'",
]
sdist = { url = "https://files.pythonhosted.org/packages/f9/e2/3e91f31a7d2b083fe6ef3fa267035b518369d9511ffab804f839851d2779/pluggy-1.6.0.tar.gz", hash = "sha256:7dcc130b76258d33b90f61b658791dede3486c3e6bfb003ee5c9bfb396dd22f3", size = 69412, upload-time = "2025-05-15T12:30:07.975Z" }
wheels = [
    { url = "https://files.pythonhosted.org/packages/54/20/4d324d65cc6d9205fabedc306948156824eb9f0ee1633355a8f7ec5c66bf/pluggy-1.6.0-py3-none-any.whl", hash = "sha256:e920276dd6813095e9377c0bc5566d94c932c33b27a3e3945d8389c374dd4746", size = 20538, upload-time = "2025-05-15T12:30:06.134Z" },
]

[[package]]
name = "publication"
version = "0.0.3"
source = { registry = "https://pypi.org/simple" }
sdist = { url = "https://files.pythonhosted.org/packages/6b/8e/8c9fe7e32fdf9c386f83d59610cc819a25dadb874b5920f2d0ef7d35f46d/publication-0.0.3.tar.gz", hash = "sha256:68416a0de76dddcdd2930d1c8ef853a743cc96c82416c4e4d3b5d901c6276dc4", size = 5484, upload-time = "2019-01-15T07:52:23.914Z" }
wheels = [
    { url = "https://files.pythonhosted.org/packages/f8/d3/6308debad7afcdb3ea5f50b4b3d852f41eb566a311fbcb4da23755a28155/publication-0.0.3-py2.py3-none-any.whl", hash = "sha256:0248885351febc11d8a1098d5c8e3ab2dabcf3e8c0c96db1e17ecd12b53afbe6", size = 7687, upload-time = "2019-01-15T07:52:22.151Z" },
]

[[package]]
name = "pygments"
version = "2.19.2"
source = { registry = "https://pypi.org/simple" }
sdist = { url = "https://files.pythonhosted.org/packages/b0/77/a5b8c569bf593b0140bde72ea885a803b82086995367bf2037de0159d924/pygments-2.19.2.tar.gz", hash = "sha256:636cb2477cec7f8952536970bc533bc43743542f70392ae026374600add5b887", size = 4968631, upload-time = "2025-06-21T13:39:12.283Z" }
wheels = [
    { url = "https://files.pythonhosted.org/packages/c7/21/705964c7812476f378728bdf590ca4b771ec72385c533964653c68e86bdc/pygments-2.19.2-py3-none-any.whl", hash = "sha256:86540386c03d588bb81d44bc3928634ff26449851e99741617ecb9037ee5ec0b", size = 1225217, upload-time = "2025-06-21T13:39:07.939Z" },
]

[[package]]
name = "pytest"
version = "8.3.5"
source = { registry = "https://pypi.org/simple" }
resolution-markers = [
    "python_full_version < '3.9'",
]
dependencies = [
    { name = "colorama", marker = "python_full_version < '3.9' and sys_platform == 'win32'" },
    { name = "exceptiongroup", marker = "python_full_version < '3.9'" },
    { name = "iniconfig", marker = "python_full_version < '3.9'" },
    { name = "packaging", marker = "python_full_version < '3.9'" },
    { name = "pluggy", version = "1.5.0", source = { registry = "https://pypi.org/simple" }, marker = "python_full_version < '3.9'" },
    { name = "tomli", marker = "python_full_version < '3.9'" },
]
sdist = { url = "https://files.pythonhosted.org/packages/ae/3c/c9d525a414d506893f0cd8a8d0de7706446213181570cdbd766691164e40/pytest-8.3.5.tar.gz", hash = "sha256:f4efe70cc14e511565ac476b57c279e12a855b11f48f212af1080ef2263d3845", size = 1450891, upload-time = "2025-03-02T12:54:54.503Z" }
wheels = [
    { url = "https://files.pythonhosted.org/packages/30/3d/64ad57c803f1fa1e963a7946b6e0fea4a70df53c1a7fed304586539c2bac/pytest-8.3.5-py3-none-any.whl", hash = "sha256:c69214aa47deac29fad6c2a4f590b9c4a9fdb16a403176fe154b79c0b4d4d820", size = 343634, upload-time = "2025-03-02T12:54:52.069Z" },
]

[[package]]
name = "pytest"
version = "8.4.1"
source = { registry = "https://pypi.org/simple" }
resolution-markers = [
    "python_full_version >= '3.9'",
]
dependencies = [
    { name = "colorama", marker = "python_full_version >= '3.9' and sys_platform == 'win32'" },
    { name = "exceptiongroup", marker = "python_full_version >= '3.9' and python_full_version < '3.11'" },
    { name = "iniconfig", marker = "python_full_version >= '3.9'" },
    { name = "packaging", marker = "python_full_version >= '3.9'" },
    { name = "pluggy", version = "1.6.0", source = { registry = "https://pypi.org/simple" }, marker = "python_full_version >= '3.9'" },
    { name = "pygments", marker = "python_full_version >= '3.9'" },
    { name = "tomli", marker = "python_full_version >= '3.9' and python_full_version < '3.11'" },
]
sdist = { url = "https://files.pythonhosted.org/packages/08/ba/45911d754e8eba3d5a841a5ce61a65a685ff1798421ac054f85aa8747dfb/pytest-8.4.1.tar.gz", hash = "sha256:7c67fd69174877359ed9371ec3af8a3d2b04741818c51e5e99cc1742251fa93c", size = 1517714, upload-time = "2025-06-18T05:48:06.109Z" }
wheels = [
    { url = "https://files.pythonhosted.org/packages/29/16/c8a903f4c4dffe7a12843191437d7cd8e32751d5de349d45d3fe69544e87/pytest-8.4.1-py3-none-any.whl", hash = "sha256:539c70ba6fcead8e78eebbf1115e8b589e7565830d7d006a8723f19ac8a0afb7", size = 365474, upload-time = "2025-06-18T05:48:03.955Z" },
]

[[package]]
name = "python-dateutil"
version = "2.9.0.post0"
source = { registry = "https://pypi.org/simple" }
dependencies = [
    { name = "six" },
]
sdist = { url = "https://files.pythonhosted.org/packages/66/c0/0c8b6ad9f17a802ee498c46e004a0eb49bc148f2fd230864601a86dcf6db/python-dateutil-2.9.0.post0.tar.gz", hash = "sha256:37dd54208da7e1cd875388217d5e00ebd4179249f90fb72437e91a35459a0ad3", size = 342432, upload-time = "2024-03-01T18:36:20.211Z" }
wheels = [
    { url = "https://files.pythonhosted.org/packages/ec/57/56b9bcc3c9c6a792fcbaf139543cee77261f3651ca9da0c93f5c1221264b/python_dateutil-2.9.0.post0-py2.py3-none-any.whl", hash = "sha256:a8b2bc7bffae282281c8140a97d3aa9c14da0b136dfe83f850eea9a5f7470427", size = 229892, upload-time = "2024-03-01T18:36:18.57Z" },
]

[[package]]
name = "six"
version = "1.17.0"
source = { registry = "https://pypi.org/simple" }
sdist = { url = "https://files.pythonhosted.org/packages/94/e7/b2c673351809dca68a0e064b6af791aa332cf192da575fd474ed7d6f16a2/six-1.17.0.tar.gz", hash = "sha256:ff70335d468e7eb6ec65b95b99d3a2836546063f63acc5171de367e834932a81", size = 34031, upload-time = "2024-12-04T17:35:28.174Z" }
wheels = [
    { url = "https://files.pythonhosted.org/packages/b7/ce/149a00dd41f10bc29e5921b496af8b574d8413afcd5e30dfa0ed46c2cc5e/six-1.17.0-py2.py3-none-any.whl", hash = "sha256:4721f391ed90541fddacab5acf947aa0d3dc7d27b2e1e8eda2be8970586c3274", size = 11050, upload-time = "2024-12-04T17:35:26.475Z" },
]

[[package]]
name = "tomli"
version = "2.2.1"
source = { registry = "https://pypi.org/simple" }
sdist = { url = "https://files.pythonhosted.org/packages/18/87/302344fed471e44a87289cf4967697d07e532f2421fdaf868a303cbae4ff/tomli-2.2.1.tar.gz", hash = "sha256:cd45e1dc79c835ce60f7404ec8119f2eb06d38b1deba146f07ced3bbc44505ff", size = 17175, upload-time = "2024-11-27T22:38:36.873Z" }
wheels = [
    { url = "https://files.pythonhosted.org/packages/43/ca/75707e6efa2b37c77dadb324ae7d9571cb424e61ea73fad7c56c2d14527f/tomli-2.2.1-cp311-cp311-macosx_10_9_x86_64.whl", hash = "sha256:678e4fa69e4575eb77d103de3df8a895e1591b48e740211bd1067378c69e8249", size = 131077, upload-time = "2024-11-27T22:37:54.956Z" },
    { url = "https://files.pythonhosted.org/packages/c7/16/51ae563a8615d472fdbffc43a3f3d46588c264ac4f024f63f01283becfbb/tomli-2.2.1-cp311-cp311-macosx_11_0_arm64.whl", hash = "sha256:023aa114dd824ade0100497eb2318602af309e5a55595f76b626d6d9f3b7b0a6", size = 123429, upload-time = "2024-11-27T22:37:56.698Z" },
    { url = "https://files.pythonhosted.org/packages/f1/dd/4f6cd1e7b160041db83c694abc78e100473c15d54620083dbd5aae7b990e/tomli-2.2.1-cp311-cp311-manylinux_2_17_aarch64.manylinux2014_aarch64.whl", hash = "sha256:ece47d672db52ac607a3d9599a9d48dcb2f2f735c6c2d1f34130085bb12b112a", size = 226067, upload-time = "2024-11-27T22:37:57.63Z" },
    { url = "https://files.pythonhosted.org/packages/a9/6b/c54ede5dc70d648cc6361eaf429304b02f2871a345bbdd51e993d6cdf550/tomli-2.2.1-cp311-cp311-manylinux_2_17_x86_64.manylinux2014_x86_64.whl", hash = "sha256:6972ca9c9cc9f0acaa56a8ca1ff51e7af152a9f87fb64623e31d5c83700080ee", size = 236030, upload-time = "2024-11-27T22:37:59.344Z" },
    { url = "https://files.pythonhosted.org/packages/1f/47/999514fa49cfaf7a92c805a86c3c43f4215621855d151b61c602abb38091/tomli-2.2.1-cp311-cp311-manylinux_2_5_i686.manylinux1_i686.manylinux_2_17_i686.manylinux2014_i686.whl", hash = "sha256:c954d2250168d28797dd4e3ac5cf812a406cd5a92674ee4c8f123c889786aa8e", size = 240898, upload-time = "2024-11-27T22:38:00.429Z" },
    { url = "https://files.pythonhosted.org/packages/73/41/0a01279a7ae09ee1573b423318e7934674ce06eb33f50936655071d81a24/tomli-2.2.1-cp311-cp311-musllinux_1_2_aarch64.whl", hash = "sha256:8dd28b3e155b80f4d54beb40a441d366adcfe740969820caf156c019fb5c7ec4", size = 229894, upload-time = "2024-11-27T22:38:02.094Z" },
    { url = "https://files.pythonhosted.org/packages/55/18/5d8bc5b0a0362311ce4d18830a5d28943667599a60d20118074ea1b01bb7/tomli-2.2.1-cp311-cp311-musllinux_1_2_i686.whl", hash = "sha256:e59e304978767a54663af13c07b3d1af22ddee3bb2fb0618ca1593e4f593a106", size = 245319, upload-time = "2024-11-27T22:38:03.206Z" },
    { url = "https://files.pythonhosted.org/packages/92/a3/7ade0576d17f3cdf5ff44d61390d4b3febb8a9fc2b480c75c47ea048c646/tomli-2.2.1-cp311-cp311-musllinux_1_2_x86_64.whl", hash = "sha256:33580bccab0338d00994d7f16f4c4ec25b776af3ffaac1ed74e0b3fc95e885a8", size = 238273, upload-time = "2024-11-27T22:38:04.217Z" },
    { url = "https://files.pythonhosted.org/packages/72/6f/fa64ef058ac1446a1e51110c375339b3ec6be245af9d14c87c4a6412dd32/tomli-2.2.1-cp311-cp311-win32.whl", hash = "sha256:465af0e0875402f1d226519c9904f37254b3045fc5084697cefb9bdde1ff99ff", size = 98310, upload-time = "2024-11-27T22:38:05.908Z" },
    { url = "https://files.pythonhosted.org/packages/6a/1c/4a2dcde4a51b81be3530565e92eda625d94dafb46dbeb15069df4caffc34/tomli-2.2.1-cp311-cp311-win_amd64.whl", hash = "sha256:2d0f2fdd22b02c6d81637a3c95f8cd77f995846af7414c5c4b8d0545afa1bc4b", size = 108309, upload-time = "2024-11-27T22:38:06.812Z" },
    { url = "https://files.pythonhosted.org/packages/52/e1/f8af4c2fcde17500422858155aeb0d7e93477a0d59a98e56cbfe75070fd0/tomli-2.2.1-cp312-cp312-macosx_10_13_x86_64.whl", hash = "sha256:4a8f6e44de52d5e6c657c9fe83b562f5f4256d8ebbfe4ff922c495620a7f6cea", size = 132762, upload-time = "2024-11-27T22:38:07.731Z" },
    { url = "https://files.pythonhosted.org/packages/03/b8/152c68bb84fc00396b83e7bbddd5ec0bd3dd409db4195e2a9b3e398ad2e3/tomli-2.2.1-cp312-cp312-macosx_11_0_arm64.whl", hash = "sha256:8d57ca8095a641b8237d5b079147646153d22552f1c637fd3ba7f4b0b29167a8", size = 123453, upload-time = "2024-11-27T22:38:09.384Z" },
    { url = "https://files.pythonhosted.org/packages/c8/d6/fc9267af9166f79ac528ff7e8c55c8181ded34eb4b0e93daa767b8841573/tomli-2.2.1-cp312-cp312-manylinux_2_17_aarch64.manylinux2014_aarch64.whl", hash = "sha256:4e340144ad7ae1533cb897d406382b4b6fede8890a03738ff1683af800d54192", size = 233486, upload-time = "2024-11-27T22:38:10.329Z" },
    { url = "https://files.pythonhosted.org/packages/5c/51/51c3f2884d7bab89af25f678447ea7d297b53b5a3b5730a7cb2ef6069f07/tomli-2.2.1-cp312-cp312-manylinux_2_17_x86_64.manylinux2014_x86_64.whl", hash = "sha256:db2b95f9de79181805df90bedc5a5ab4c165e6ec3fe99f970d0e302f384ad222", size = 242349, upload-time = "2024-11-27T22:38:11.443Z" },
    { url = "https://files.pythonhosted.org/packages/ab/df/bfa89627d13a5cc22402e441e8a931ef2108403db390ff3345c05253935e/tomli-2.2.1-cp312-cp312-manylinux_2_5_i686.manylinux1_i686.manylinux_2_17_i686.manylinux2014_i686.whl", hash = "sha256:40741994320b232529c802f8bc86da4e1aa9f413db394617b9a256ae0f9a7f77", size = 252159, upload-time = "2024-11-27T22:38:13.099Z" },
    { url = "https://files.pythonhosted.org/packages/9e/6e/fa2b916dced65763a5168c6ccb91066f7639bdc88b48adda990db10c8c0b/tomli-2.2.1-cp312-cp312-musllinux_1_2_aarch64.whl", hash = "sha256:400e720fe168c0f8521520190686ef8ef033fb19fc493da09779e592861b78c6", size = 237243, upload-time = "2024-11-27T22:38:14.766Z" },
    { url = "https://files.pythonhosted.org/packages/b4/04/885d3b1f650e1153cbb93a6a9782c58a972b94ea4483ae4ac5cedd5e4a09/tomli-2.2.1-cp312-cp312-musllinux_1_2_i686.whl", hash = "sha256:02abe224de6ae62c19f090f68da4e27b10af2b93213d36cf44e6e1c5abd19fdd", size = 259645, upload-time = "2024-11-27T22:38:15.843Z" },
    { url = "https://files.pythonhosted.org/packages/9c/de/6b432d66e986e501586da298e28ebeefd3edc2c780f3ad73d22566034239/tomli-2.2.1-cp312-cp312-musllinux_1_2_x86_64.whl", hash = "sha256:b82ebccc8c8a36f2094e969560a1b836758481f3dc360ce9a3277c65f374285e", size = 244584, upload-time = "2024-11-27T22:38:17.645Z" },
    { url = "https://files.pythonhosted.org/packages/1c/9a/47c0449b98e6e7d1be6cbac02f93dd79003234ddc4aaab6ba07a9a7482e2/tomli-2.2.1-cp312-cp312-win32.whl", hash = "sha256:889f80ef92701b9dbb224e49ec87c645ce5df3fa2cc548664eb8a25e03127a98", size = 98875, upload-time = "2024-11-27T22:38:19.159Z" },
    { url = "https://files.pythonhosted.org/packages/ef/60/9b9638f081c6f1261e2688bd487625cd1e660d0a85bd469e91d8db969734/tomli-2.2.1-cp312-cp312-win_amd64.whl", hash = "sha256:7fc04e92e1d624a4a63c76474610238576942d6b8950a2d7f908a340494e67e4", size = 109418, upload-time = "2024-11-27T22:38:20.064Z" },
    { url = "https://files.pythonhosted.org/packages/04/90/2ee5f2e0362cb8a0b6499dc44f4d7d48f8fff06d28ba46e6f1eaa61a1388/tomli-2.2.1-cp313-cp313-macosx_10_13_x86_64.whl", hash = "sha256:f4039b9cbc3048b2416cc57ab3bda989a6fcf9b36cf8937f01a6e731b64f80d7", size = 132708, upload-time = "2024-11-27T22:38:21.659Z" },
    { url = "https://files.pythonhosted.org/packages/c0/ec/46b4108816de6b385141f082ba99e315501ccd0a2ea23db4a100dd3990ea/tomli-2.2.1-cp313-cp313-macosx_11_0_arm64.whl", hash = "sha256:286f0ca2ffeeb5b9bd4fcc8d6c330534323ec51b2f52da063b11c502da16f30c", size = 123582, upload-time = "2024-11-27T22:38:22.693Z" },
    { url = "https://files.pythonhosted.org/packages/a0/bd/b470466d0137b37b68d24556c38a0cc819e8febe392d5b199dcd7f578365/tomli-2.2.1-cp313-cp313-manylinux_2_17_aarch64.manylinux2014_aarch64.whl", hash = "sha256:a92ef1a44547e894e2a17d24e7557a5e85a9e1d0048b0b5e7541f76c5032cb13", size = 232543, upload-time = "2024-11-27T22:38:24.367Z" },
    { url = "https://files.pythonhosted.org/packages/d9/e5/82e80ff3b751373f7cead2815bcbe2d51c895b3c990686741a8e56ec42ab/tomli-2.2.1-cp313-cp313-manylinux_2_17_x86_64.manylinux2014_x86_64.whl", hash = "sha256:9316dc65bed1684c9a98ee68759ceaed29d229e985297003e494aa825ebb0281", size = 241691, upload-time = "2024-11-27T22:38:26.081Z" },
    { url = "https://files.pythonhosted.org/packages/05/7e/2a110bc2713557d6a1bfb06af23dd01e7dde52b6ee7dadc589868f9abfac/tomli-2.2.1-cp313-cp313-manylinux_2_5_i686.manylinux1_i686.manylinux_2_17_i686.manylinux2014_i686.whl", hash = "sha256:e85e99945e688e32d5a35c1ff38ed0b3f41f43fad8df0bdf79f72b2ba7bc5272", size = 251170, upload-time = "2024-11-27T22:38:27.921Z" },
    { url = "https://files.pythonhosted.org/packages/64/7b/22d713946efe00e0adbcdfd6d1aa119ae03fd0b60ebed51ebb3fa9f5a2e5/tomli-2.2.1-cp313-cp313-musllinux_1_2_aarch64.whl", hash = "sha256:ac065718db92ca818f8d6141b5f66369833d4a80a9d74435a268c52bdfa73140", size = 236530, upload-time = "2024-11-27T22:38:29.591Z" },
    { url = "https://files.pythonhosted.org/packages/38/31/3a76f67da4b0cf37b742ca76beaf819dca0ebef26d78fc794a576e08accf/tomli-2.2.1-cp313-cp313-musllinux_1_2_i686.whl", hash = "sha256:d920f33822747519673ee656a4b6ac33e382eca9d331c87770faa3eef562aeb2", size = 258666, upload-time = "2024-11-27T22:38:30.639Z" },
    { url = "https://files.pythonhosted.org/packages/07/10/5af1293da642aded87e8a988753945d0cf7e00a9452d3911dd3bb354c9e2/tomli-2.2.1-cp313-cp313-musllinux_1_2_x86_64.whl", hash = "sha256:a198f10c4d1b1375d7687bc25294306e551bf1abfa4eace6650070a5c1ae2744", size = 243954, upload-time = "2024-11-27T22:38:31.702Z" },
    { url = "https://files.pythonhosted.org/packages/5b/b9/1ed31d167be802da0fc95020d04cd27b7d7065cc6fbefdd2f9186f60d7bd/tomli-2.2.1-cp313-cp313-win32.whl", hash = "sha256:d3f5614314d758649ab2ab3a62d4f2004c825922f9e370b29416484086b264ec", size = 98724, upload-time = "2024-11-27T22:38:32.837Z" },
    { url = "https://files.pythonhosted.org/packages/c7/32/b0963458706accd9afcfeb867c0f9175a741bf7b19cd424230714d722198/tomli-2.2.1-cp313-cp313-win_amd64.whl", hash = "sha256:a38aa0308e754b0e3c67e344754dff64999ff9b513e691d0e786265c93583c69", size = 109383, upload-time = "2024-11-27T22:38:34.455Z" },
    { url = "https://files.pythonhosted.org/packages/6e/c2/61d3e0f47e2b74ef40a68b9e6ad5984f6241a942f7cd3bbfbdbd03861ea9/tomli-2.2.1-py3-none-any.whl", hash = "sha256:cb55c73c5f4408779d0cf3eef9f762b9c9f147a77de7b258bef0a5628adc85cc", size = 14257, upload-time = "2024-11-27T22:38:35.385Z" },
]

[[package]]
name = "ty"
version = "0.0.1a14"
source = { registry = "https://pypi.org/simple" }
sdist = { url = "https://files.pythonhosted.org/packages/b3/c2/743ef78f8ddcdd8a8e074b6ad6eb01fa5d8c110f5e25e0142087b175b212/ty-0.0.1a14.tar.gz", hash = "sha256:a9ecac10c63a7c193c78ef1a01956c7c579e4d8498d3ec77543fe31a5a9e3912", size = 3176178, upload-time = "2025-07-08T11:57:34.171Z" }
wheels = [
    { url = "https://files.pythonhosted.org/packages/66/10/4c29110e6571b00206962b219afa38e661001011bfc1b36bec4f74fdf51d/ty-0.0.1a14-py3-none-linux_armv6l.whl", hash = "sha256:165acd7a7c49d9cbd20b8fa72a7dab0ccceae935593618aba9218950fdbb0e08", size = 6969793, upload-time = "2025-07-08T11:57:07.349Z" },
    { url = "https://files.pythonhosted.org/packages/1b/bc/1d64ef953a53474725847a8bd3418e422218ed7024fe2bd9e3c9c2c859ce/ty-0.0.1a14-py3-none-macosx_10_12_x86_64.whl", hash = "sha256:54c357059f0c0d27f1efc544c0c9475f918d5cd579e7fa38365c5e2e4ef5868a", size = 7076030, upload-time = "2025-07-08T11:57:09.286Z" },
    { url = "https://files.pythonhosted.org/packages/de/b6/672bac4f24fab47def3c672a0a97d1eafbd6baef61b99ebefb805944c2a9/ty-0.0.1a14-py3-none-macosx_11_0_arm64.whl", hash = "sha256:c729efdddcfc7fe66df284a321cb2b8ea8c36f7e0a322176f0b5ffd3ca45db90", size = 6699358, upload-time = "2025-07-08T11:57:10.621Z" },
    { url = "https://files.pythonhosted.org/packages/99/1e/0a8d7a49c324584451309f96fc85f462e2b2052c216e82a2f689f9e477c0/ty-0.0.1a14-py3-none-manylinux_2_17_aarch64.manylinux2014_aarch64.whl", hash = "sha256:e593d549118e3794e11ab09e610520654a4c91a8c2ffaff8c31845067c2cf883", size = 6834240, upload-time = "2025-07-08T11:57:12.284Z" },
    { url = "https://files.pythonhosted.org/packages/5b/97/e57c49e7d5216af907ca83e4e4ede7471cef53284f90f8fe11f6051031d8/ty-0.0.1a14-py3-none-manylinux_2_17_armv7l.manylinux2014_armv7l.whl", hash = "sha256:679f715d9d4b5558231eafe6c4441a0a53c245a669ac2ba049c0996e538f7e88", size = 6810434, upload-time = "2025-07-08T11:57:13.643Z" },
    { url = "https://files.pythonhosted.org/packages/1b/0f/293680a83e7c86354b97a7e8cb08896338370eb169383c7b687aa3311f96/ty-0.0.1a14-py3-none-manylinux_2_17_i686.manylinux2014_i686.whl", hash = "sha256:541487c8b896c0094a32e91f96b2d6ee9bc3c1f1c0a9c5c781eef0002ca437a4", size = 7622086, upload-time = "2025-07-08T11:57:15.14Z" },
    { url = "https://files.pythonhosted.org/packages/2a/9c/f5d730903d65a0eb989d793a1d7e5a62f765841c45bef325403edf342810/ty-0.0.1a14-py3-none-manylinux_2_17_ppc64.manylinux2014_ppc64.whl", hash = "sha256:aa9ffb8a518762e78b0c6780475e89bfc8e040fb9832918b6bf79c5e8e96da92", size = 8073710, upload-time = "2025-07-08T11:57:16.512Z" },
    { url = "https://files.pythonhosted.org/packages/0e/09/f39d0f626df4841d39bdc8ae9052f91f65b45beff281bdf29a53efea79bf/ty-0.0.1a14-py3-none-manylinux_2_17_ppc64le.manylinux2014_ppc64le.whl", hash = "sha256:3bae3288461e3db28dd19f12d4f71d88f5be201283f6d8790d467cb87d9717bd", size = 7716213, upload-time = "2025-07-08T11:57:18.136Z" },
    { url = "https://files.pythonhosted.org/packages/68/5a/afdab1afec623ecede8108733228703bb4cb25fa8210ba16427fcd1c0429/ty-0.0.1a14-py3-none-manylinux_2_17_s390x.manylinux2014_s390x.whl", hash = "sha256:032ff6d43272c5a87ef2cf56773a4e44c370d98cdd129bc4b352d6c63c5348c7", size = 7559696, upload-time = "2025-07-08T11:57:19.816Z" },
    { url = "https://files.pythonhosted.org/packages/a7/26/e422f8ed5ca63b50bf87de5b4bc8fd15cb203a8d2690b2f447ccff0c74fb/ty-0.0.1a14-py3-none-manylinux_2_17_x86_64.manylinux2014_x86_64.whl", hash = "sha256:1cd7739be014ff5dee50b3a83252c7953cf278567079bde0e33c5203ff576d9b", size = 7375483, upload-time = "2025-07-08T11:57:21.525Z" },
    { url = "https://files.pythonhosted.org/packages/ea/f2/bb88da6ba64bfe5edff636738861a6b78050611da9540e372635e599ee4c/ty-0.0.1a14-py3-none-musllinux_1_2_aarch64.whl", hash = "sha256:5776cf7ea1000be79cd70d44fafe15b3695bac1a115806421402dfa79ba9953e", size = 6726122, upload-time = "2025-07-08T11:57:24.116Z" },
    { url = "https://files.pythonhosted.org/packages/93/96/62566786e9124b8f0f2fbced5e57046534e5835af83f9efb4a0c861f6a61/ty-0.0.1a14-py3-none-musllinux_1_2_armv7l.whl", hash = "sha256:10d62346a56a0d21c809ae885ca7513a1c54da8c94029664eeb68fbdd3effc02", size = 6839605, upload-time = "2025-07-08T11:57:25.705Z" },
    { url = "https://files.pythonhosted.org/packages/12/26/40b7e7388a5308cc53dd440cb24d1a95b3efd07c4a374fce9cd0fe777049/ty-0.0.1a14-py3-none-musllinux_1_2_i686.whl", hash = "sha256:7a5bb97658bf3fa054833bf3511499e1422a27dee7a3c10aff56d4daa3821d6d", size = 7268362, upload-time = "2025-07-08T11:57:27.012Z" },
    { url = "https://files.pythonhosted.org/packages/14/50/11f275d7cb413104dea1360a997ad373839ed0108980912605e59188afba/ty-0.0.1a14-py3-none-musllinux_1_2_x86_64.whl", hash = "sha256:a89c075ae1238d215de2343909952e872306791fbad96a8ffd119a83a3e0a914", size = 7435560, upload-time = "2025-07-08T11:57:28.673Z" },
    { url = "https://files.pythonhosted.org/packages/11/b6/468c98f9520515fd9a65ce5a51c9aa39f7f944cb8f320328839cef65d1f1/ty-0.0.1a14-py3-none-win32.whl", hash = "sha256:6c3e87f4549a1bf7524df074a4fe9a5815aff25e536c5fc6f1518b72e74a17cf", size = 6573723, upload-time = "2025-07-08T11:57:30.285Z" },
    { url = "https://files.pythonhosted.org/packages/1c/82/a771661d3d64e17688063dc5573e8eebc0683f581c843b840f5b03d108f7/ty-0.0.1a14-py3-none-win_amd64.whl", hash = "sha256:0ed6145dae24b68638037d7c82f094b22adfb48114678120cf392092973fad96", size = 7181298, upload-time = "2025-07-08T11:57:31.642Z" },
    { url = "https://files.pythonhosted.org/packages/9d/d0/68b106ddc25239d4a7114e64211aa5ad5d27488c1a318ab8ad057b88b4a7/ty-0.0.1a14-py3-none-win_arm64.whl", hash = "sha256:67717fbbb501c9deb11141662688804513082992aaeb5fdc6a3b7cd8e77eea8e", size = 6788031, upload-time = "2025-07-08T11:57:32.943Z" },
]

[[package]]
name = "typeguard"
version = "2.13.3"
source = { registry = "https://pypi.org/simple" }
sdist = { url = "https://files.pythonhosted.org/packages/3a/38/c61bfcf62a7b572b5e9363a802ff92559cb427ee963048e1442e3aef7490/typeguard-2.13.3.tar.gz", hash = "sha256:00edaa8da3a133674796cf5ea87d9f4b4c367d77476e185e80251cc13dfbb8c4", size = 40604, upload-time = "2021-12-10T21:09:39.158Z" }
wheels = [
    { url = "https://files.pythonhosted.org/packages/9a/bb/d43e5c75054e53efce310e79d63df0ac3f25e34c926be5dffb7d283fb2a8/typeguard-2.13.3-py3-none-any.whl", hash = "sha256:5e3e3be01e887e7eafae5af63d1f36c849aaa94e3a0112097312aabfa16284f1", size = 17605, upload-time = "2021-12-10T21:09:37.844Z" },
]

[[package]]
name = "typing-extensions"
version = "4.13.2"
source = { registry = "https://pypi.org/simple" }
resolution-markers = [
    "python_full_version < '3.9'",
]
sdist = { url = "https://files.pythonhosted.org/packages/f6/37/23083fcd6e35492953e8d2aaaa68b860eb422b34627b13f2ce3eb6106061/typing_extensions-4.13.2.tar.gz", hash = "sha256:e6c81219bd689f51865d9e372991c540bda33a0379d5573cddb9a3a23f7caaef", size = 106967, upload-time = "2025-04-10T14:19:05.416Z" }
wheels = [
    { url = "https://files.pythonhosted.org/packages/8b/54/b1ae86c0973cc6f0210b53d508ca3641fb6d0c56823f288d108bc7ab3cc8/typing_extensions-4.13.2-py3-none-any.whl", hash = "sha256:a439e7c04b49fec3e5d3e2beaa21755cadbbdc391694e28ccdd36ca4a1408f8c", size = 45806, upload-time = "2025-04-10T14:19:03.967Z" },
]

[[package]]
name = "typing-extensions"
version = "4.14.1"
source = { registry = "https://pypi.org/simple" }
resolution-markers = [
    "python_full_version >= '3.9'",
]
sdist = { url = "https://files.pythonhosted.org/packages/98/5a/da40306b885cc8c09109dc2e1abd358d5684b1425678151cdaed4731c822/typing_extensions-4.14.1.tar.gz", hash = "sha256:38b39f4aeeab64884ce9f74c94263ef78f3c22467c8724005483154c26648d36", size = 107673, upload-time = "2025-07-04T13:28:34.16Z" }
wheels = [
    { url = "https://files.pythonhosted.org/packages/b5/00/d631e67a838026495268c2f6884f3711a15a9a2a96cd244fdaea53b823fb/typing_extensions-4.14.1-py3-none-any.whl", hash = "sha256:d1e1e3b58374dc93031d6eda2420a48ea44a36c2b4766a4fdeb3710755731d76", size = 43906, upload-time = "2025-07-04T13:28:32.743Z" },
]

[[package]]
name = "zipp"
version = "3.20.2"
source = { registry = "https://pypi.org/simple" }
resolution-markers = [
    "python_full_version < '3.9'",
]
sdist = { url = "https://files.pythonhosted.org/packages/54/bf/5c0000c44ebc80123ecbdddba1f5dcd94a5ada602a9c225d84b5aaa55e86/zipp-3.20.2.tar.gz", hash = "sha256:bc9eb26f4506fda01b81bcde0ca78103b6e62f991b381fec825435c836edbc29", size = 24199, upload-time = "2024-09-13T13:44:16.101Z" }
wheels = [
    { url = "https://files.pythonhosted.org/packages/62/8b/5ba542fa83c90e09eac972fc9baca7a88e7e7ca4b221a89251954019308b/zipp-3.20.2-py3-none-any.whl", hash = "sha256:a817ac80d6cf4b23bf7f2828b7cabf326f15a001bea8b1f9b49631780ba28350", size = 9200, upload-time = "2024-09-13T13:44:14.38Z" },
]

[[package]]
name = "zipp"
version = "3.23.0"
source = { registry = "https://pypi.org/simple" }
resolution-markers = [
    "python_full_version >= '3.9'",
]
sdist = { url = "https://files.pythonhosted.org/packages/e3/02/0f2892c661036d50ede074e376733dca2ae7c6eb617489437771209d4180/zipp-3.23.0.tar.gz", hash = "sha256:a07157588a12518c9d4034df3fbbee09c814741a33ff63c05fa29d26a2404166", size = 25547, upload-time = "2025-06-08T17:06:39.4Z" }
wheels = [
    { url = "https://files.pythonhosted.org/packages/2e/54/647ade08bf0db230bfea292f893923872fd20be6ac6f53b2b936ba839d75/zipp-3.23.0-py3-none-any.whl", hash = "sha256:071652d6115ed432f5ce1d34c336c0adfd6a884660d1e9712a256d3d3bd4b14e", size = 10276, upload-time = "2025-06-08T17:06:38.034Z" },
]
